
Microsoft Visual Studio Solution File, Format Version 12.00
# Visual Studio Version 17
VisualStudioVersion = 17.5.33516.290
MinimumVisualStudioVersion = 10.0.40219.1
Project("{8BC9CEB8-8B4A-11D0-8D11-00A0C91BC942}") = "IMC", "IMC\IMC.vcxproj", "{C90D5401-4918-4D2E-A172-A5C013E805E2}"
EndProject
Global
	GlobalSection(SolutionConfigurationPlatforms) = preSolution
		Debug|x64 = Debug|x64
		Debug|x86 = Debug|x86
		Release|x64 = Release|x64
		Release|x86 = Release|x86
	EndGlobalSection
	GlobalSection(ProjectConfigurationPlatforms) = postSolution
		{C90D5401-4918-4D2E-A172-A5C013E805E2}.Debug|x64.ActiveCfg = Debug|x64
		{C90D5401-4918-4D2E-A172-A5C013E805E2}.Debug|x64.Build.0 = Debug|x64
		{C90D5401-4918-4D2E-A172-A5C013E805E2}.Debug|x86.ActiveCfg = Debug|Win32
		{C90D5401-4918-4D2E-A172-A5C013E805E2}.Debug|x86.Build.0 = Debug|Win32
		{C90D5401-4918-4D2E-A172-A5C013E805E2}.Release|x64.ActiveCfg = Release|x64
		{C90D5401-4918-4D2E-A172-A5C013E805E2}.Release|x64.Build.0 = Release|x64
		{C90D5401-4918-4D2E-A172-A5C013E805E2}.Release|x86.ActiveCfg = Release|Win32
		{C90D5401-4918-4D2E-A172-A5C013E805E2}.Release|x86.Build.0 = Release|Win32
	EndGlobalSection
	GlobalSection(SolutionProperties) = preSolution
		HideSolutionNode = FALSE
	EndGlobalSection
	GlobalSection(ExtensibilityGlobals) = postSolution
		SolutionGuid = {889D8300-BF42-4C1B-981B-6DFDF7A2D1BE}
	EndGlobalSection
EndGlobal
